
Microsoft Visual Studio Solution File, Format Version 12.00
# Visual Studio Version 16
VisualStudioVersion = 16.0.33529.622
MinimumVisualStudioVersion = 10.0.40219.1
Project("{F184B08F-C81C-45F6-A57F-5ABD9991F28F}") = "Exe To Base64", "Exe To Base64\Exe To Base64.vbproj", "{4807E11F-1AD7-477F-A574-B13C2478FF84}"
EndProject
Global
	GlobalSection(SolutionConfigurationPlatforms) = preSolution
		Debug|Any CPU = Debug|Any CPU
		Release|Any CPU = Release|Any CPU
	EndGlobalSection
	GlobalSection(ProjectConfigurationPlatforms) = postSolution
		{4807E11F-1AD7-477F-A574-B13C2478FF84}.Debug|Any CPU.ActiveCfg = Debug|Any CPU
		{4807E11F-1AD7-477F-A574-B13C2478FF84}.Debug|Any CPU.Build.0 = Debug|Any CPU
		{4807E11F-1AD7-477F-A574-B13C2478FF84}.Release|Any CPU.ActiveCfg = Release|Any CPU
		{4807E11F-1AD7-477F-A574-B13C2478FF84}.Release|Any CPU.Build.0 = Release|Any CPU
	EndGlobalSection
	GlobalSection(SolutionProperties) = preSolution
		HideSolutionNode = FALSE
	EndGlobalSection
	GlobalSection(ExtensibilityGlobals) = postSolution
		SolutionGuid = {2EC93F04-74A1-4E69-BED0-B41A8F6D7412}
	EndGlobalSection
EndGlobal
